<?xml version="1.0" encoding="utf-8"?>
<Project ToolsVersion="4.0" xmlns="http://schemas.microsoft.com/developer/msbuild/2003">
  <ItemGroup>
    <Filter Include="源文件">
      <UniqueIdentifier>{4FC737F1-C7A5-4376-A066-2A32D752A2FF}</UniqueIdentifier>
      <Extensions>cpp;c;cc;cxx;def;odl;idl;hpj;bat;asm;asmx</Extensions>
    </Filter>
    <Filter Include="头文件">
      <UniqueIdentifier>{93995380-89BD-4b04-88EB-625FBE52EBFB}</UniqueIdentifier>
      <Extensions>h;hpp;hxx;hm;inl;inc;xsd</Extensions>
    </Filter>
    <Filter Include="资源文件">
      <UniqueIdentifier>{67DA6AB6-F800-4c08-8B7A-83BB121AAD01}</UniqueIdentifier>
      <Extensions>rc;ico;cur;bmp;dlg;rc2;rct;bin;rgs;gif;jpg;jpeg;jpe;resx;tiff;tif;png;wav;mfcribbon-ms</Extensions>
    </Filter>
  </ItemGroup>
  <ItemGroup>
    <None Include="ReadMe.txt" />
    <None Include="LogicServer.def">
      <Filter>源文件</Filter>
    </None>
  </ItemGroup>
  <ItemGroup>
    <ClInclude Include="CommandServerSet.h">
      <Filter>头文件</Filter>
    </ClInclude>
    <ClInclude Include="GameServer.h">
      <Filter>头文件</Filter>
    </ClInclude>
    <ClInclude Include="InputServer.h">
      <Filter>头文件</Filter>
    </ClInclude>
    <ClInclude Include="LogicContext.h">
      <Filter>头文件</Filter>
    </ClInclude>
    <ClInclude Include="Matrix.h">
      <Filter>头文件</Filter>
    </ClInclude>
    <ClInclude Include="Quadrics.h">
      <Filter>头文件</Filter>
    </ClInclude>
    <ClInclude Include="WrapDirect3d9.h">
      <Filter>头文件</Filter>
    </ClInclude>
    <ClInclude Include="WrapDirect3dcubetexture9.h">
      <Filter>头文件</Filter>
    </ClInclude>
    <ClInclude Include="WrapDirect3ddevice9.h">
      <Filter>头文件</Filter>
    </ClInclude>
    <ClInclude Include="WrapDirect3dindexbuffer9.h">
      <Filter>头文件</Filter>
    </ClInclude>
    <ClInclude Include="WrapDirect3dpixelshader9.h">
      <Filter>头文件</Filter>
    </ClInclude>
    <ClInclude Include="WrapDirect3dstateblock9.h">
      <Filter>头文件</Filter>
    </ClInclude>
    <ClInclude Include="WrapDirect3dsurface9.h">
      <Filter>头文件</Filter>
    </ClInclude>
    <ClInclude Include="WrapDirect3dswapchain9.h">
      <Filter>头文件</Filter>
    </ClInclude>
    <ClInclude Include="WrapDirect3dtexture9.h">
      <Filter>头文件</Filter>
    </ClInclude>
    <ClInclude Include="WrapDirect3dvertexbuffer9.h">
      <Filter>头文件</Filter>
    </ClInclude>
    <ClInclude Include="WrapDirect3dvertexdeclaration9.h">
      <Filter>头文件</Filter>
    </ClInclude>
    <ClInclude Include="WrapDirect3dvertexshader9.h">
      <Filter>头文件</Filter>
    </ClInclude>
    <ClInclude Include="WrapDirect3dvolume9.h">
      <Filter>头文件</Filter>
    </ClInclude>
    <ClInclude Include="WrapDirect3dvolumetexture9.h">
      <Filter>头文件</Filter>
    </ClInclude>
    <ClInclude Include="TaskQueue.h">
      <Filter>头文件</Filter>
    </ClInclude>
    <ClInclude Include="GameClient.h">
      <Filter>头文件</Filter>
    </ClInclude>
    <ClInclude Include="Initializer.h">
      <Filter>头文件</Filter>
    </ClInclude>
    <ClInclude Include="TextureHelper.h">
      <Filter>头文件</Filter>
    </ClInclude>
    <ClInclude Include="KeyboardHook.h">
      <Filter>头文件</Filter>
    </ClInclude>
  </ItemGroup>
  <ItemGroup>
    <ClCompile Include="CommandServerSet.cpp">
      <Filter>源文件</Filter>
    </ClCompile>
    <ClCompile Include="GameServer.cpp">
      <Filter>源文件</Filter>
    </ClCompile>
    <ClCompile Include="InputServer.cpp">
      <Filter>源文件</Filter>
    </ClCompile>
    <ClCompile Include="KeyboardHook.cpp">
      <Filter>源文件</Filter>
    </ClCompile>
    <ClCompile Include="Quadrics.cpp">
      <Filter>源文件</Filter>
    </ClCompile>
    <ClCompile Include="ServerInit.cpp">
      <Filter>源文件</Filter>
    </ClCompile>
    <ClCompile Include="WrapDeviceNonTrivial.cpp">
      <Filter>源文件</Filter>
    </ClCompile>
    <ClCompile Include="WrapDeviceTrivial.cpp">
      <Filter>源文件</Filter>
    </ClCompile>
    <ClCompile Include="WrapDirect3d9.cpp">
      <Filter>源文件</Filter>
    </ClCompile>
    <ClCompile Include="WrapDirect3dcubetexture9.cpp">
      <Filter>源文件</Filter>
    </ClCompile>
    <ClCompile Include="WrapDirect3dindexbuffer9.cpp">
      <Filter>源文件</Filter>
    </ClCompile>
    <ClCompile Include="WrapDirect3dpixelshader9.cpp">
      <Filter>源文件</Filter>
    </ClCompile>
    <ClCompile Include="WrapDirect3dstateblock9.cpp">
      <Filter>源文件</Filter>
    </ClCompile>
    <ClCompile Include="WrapDirect3dsurface9.cpp">
      <Filter>源文件</Filter>
    </ClCompile>
    <ClCompile Include="WrapDirect3dswapchain9.cpp">
      <Filter>源文件</Filter>
    </ClCompile>
    <ClCompile Include="WrapDirect3dtexture9.cpp">
      <Filter>源文件</Filter>
    </ClCompile>
    <ClCompile Include="WrapDirect3dvertexbuffer9.cpp">
      <Filter>源文件</Filter>
    </ClCompile>
    <ClCompile Include="WrapDirect3dvertexdeclaration9.cpp">
      <Filter>源文件</Filter>
    </ClCompile>
    <ClCompile Include="WrapDirect3dvertexshader9.cpp">
      <Filter>源文件</Filter>
    </ClCompile>
    <ClCompile Include="WrapDirect3dvolume9.cpp">
      <Filter>源文件</Filter>
    </ClCompile>
    <ClCompile Include="WrapDirect3dvolumetexture9.cpp">
      <Filter>源文件</Filter>
    </ClCompile>
    <ClCompile Include="TaskQueue.cpp">
      <Filter>源文件</Filter>
    </ClCompile>
    <ClCompile Include="GameClient.cpp">
      <Filter>源文件</Filter>
    </ClCompile>
    <ClCompile Include="Initializer.cpp">
      <Filter>源文件</Filter>
    </ClCompile>
    <ClCompile Include="TextureHelper.cpp">
      <Filter>源文件</Filter>
    </ClCompile>
  </ItemGroup>
</Project>