
Microsoft Visual Studio Solution File, Format Version 11.00
# Visual Studio 2010
Project("{2150E333-8FDC-42A3-9474-1A3956D46DE8}") = "CloudGaming", "CloudGaming", "{0DB3C9CE-657F-4082-A2AF-A7EBADB04CD6}"
	ProjectSection(SolutionItems) = preProject
		ReadMe.txt = ReadMe.txt
	EndProjectSection
EndProject
Project("{2150E333-8FDC-42A3-9474-1A3956D46DE8}") = "Libs", "Libs", "{F74A9119-232F-4F0D-A95C-27C107865A5B}"
EndProject
Project("{2150E333-8FDC-42A3-9474-1A3956D46DE8}") = "Modules", "Modules", "{225D6BDF-AB47-46B4-97A8-D8ED1D9BC6C9}"
EndProject
Project("{8BC9CEB8-8B4A-11D0-8D11-00A0C91BC942}") = "Client", "..\Modules\Client\Client.vcxproj", "{8D6EF4A8-C51C-4E23-ACA6-94BB181AD0FF}"
EndProject
Project("{8BC9CEB8-8B4A-11D0-8D11-00A0C91BC942}") = "LibCore", "..\Modules\LibCore\LibCore.vcxproj", "{16461A0E-F94A-43CE-AB83-66BF54EA57E8}"
EndProject
Project("{8BC9CEB8-8B4A-11D0-8D11-00A0C91BC942}") = "LibInput", "..\Modules\LibInput\LibInput.vcxproj", "{B199BC49-39F1-4EF5-B781-B5172BD00150}"
EndProject
Project("{8BC9CEB8-8B4A-11D0-8D11-00A0C91BC942}") = "LibRender", "..\Modules\LibRender\LibRender.vcxproj", "{8D6C92B9-F675-4768-BF5E-4FBD6F167CC4}"
EndProject
Project("{8BC9CEB8-8B4A-11D0-8D11-00A0C91BC942}") = "LogicServer", "..\Modules\LogicServer\LogicServer.vcxproj", "{6BE4E46E-6FD2-4F91-B3E5-EB30FB5F51CA}"
EndProject
Project("{8BC9CEB8-8B4A-11D0-8D11-00A0C91BC942}") = "RenderProxy", "..\Modules\RenderProxy\RenderProxy.vcxproj", "{7A1F694D-0CED-4A5C-84D5-DD9399B2E41F}"
EndProject
Project("{8BC9CEB8-8B4A-11D0-8D11-00A0C91BC942}") = "GameLoader", "..\Modules\GameLoader\GameLoader.vcxproj", "{7EE0C92D-2E0E-4505-8800-F5155DFDE7B2}"
EndProject
Project("{8BC9CEB8-8B4A-11D0-8D11-00A0C91BC942}") = "LibDistrubutor", "..\Modules\LibDistrubutor\LibDistrubutor.vcxproj", "{504C7EAB-31F6-41EB-A5D9-6B650AC49AF0}"
EndProject
Project("{8BC9CEB8-8B4A-11D0-8D11-00A0C91BC942}") = "DisManager", "..\Modules\DisManager\DisManager.vcxproj", "{58B1E541-D088-4C31-80A6-8989712DFAC5}"
EndProject
Project("{2150E333-8FDC-42A3-9474-1A3956D46DE8}") = "Video", "Video", "{DFD200E2-A114-4345-BB84-3709748A719F}"
EndProject
Project("{8BC9CEB8-8B4A-11D0-8D11-00A0C91BC942}") = "ResourceMonitor", "..\Modules\ResourceMonitor\ResourceMonitor.vcxproj", "{B683FED3-7314-4D46-A719-0C78389445F5}"
EndProject
Project("{8BC9CEB8-8B4A-11D0-8D11-00A0C91BC942}") = "VideoGen", "..\Modules\VideoGen\VideoGen.vcxproj", "{B3AB51A0-8096-47FF-9354-2EFF69456B91}"
EndProject
Project("{8BC9CEB8-8B4A-11D0-8D11-00A0C91BC942}") = "VideoUtility", "..\Modules\VideoUtility\VideoUtility.vcxproj", "{D905062C-47A4-494A-B308-B6E7A939DBEC}"
EndProject
Project("{8BC9CEB8-8B4A-11D0-8D11-00A0C91BC942}") = "X264Encoder", "..\Modules\X264Encoder\X264Encoder.vcxproj", "{35C8E9CD-B0B0-428E-A64A-D1BE3F049A92}"
EndProject
Project("{8BC9CEB8-8B4A-11D0-8D11-00A0C91BC942}") = "Install", "Install\Install.vcxproj", "{0DF8DCD6-0315-40B4-8FD6-904222BC4358}"
EndProject
Project("{2150E333-8FDC-42A3-9474-1A3956D46DE8}") = "Solution Items", "Solution Items", "{7F4414F9-67DE-4674-A3F8-80E7E52127A9}"
EndProject
Project("{8BC9CEB8-8B4A-11D0-8D11-00A0C91BC942}") = "RenderProxyLoader", "..\Modules\RenderProxyLoader\RenderProxyLoader.vcxproj", "{586C1C73-17B5-47CA-A4AA-8573FCBB13ED}"
EndProject
Project("{8BC9CEB8-8B4A-11D0-8D11-00A0C91BC942}") = "NvEncoderInteropCuda", "..\Modules\NvEncoders\NvEncoderInteropCuda\NvEncoderInteropCuda.vcxproj", "{3C512387-3D5D-4DF7-AC04-5FA81B697A05}"
EndProject
Project("{8BC9CEB8-8B4A-11D0-8D11-00A0C91BC942}") = "NvEncoderInteropD3D", "..\Modules\NvEncoders\NvEncoderInteropD3D\NvEncoderInteropD3D.vcxproj", "{331EA0BF-5C9B-4779-82F5-7F91D97A7A54}"
EndProject
Project("{2150E333-8FDC-42A3-9474-1A3956D46DE8}") = "Audio", "Audio", "{A4082C53-05F8-4A6B-845E-4A0C16DEF754}"
EndProject
Project("{8BC9CEB8-8B4A-11D0-8D11-00A0C91BC942}") = "AudioModule", "..\Modules\AudioModule\AudioModule.vcxproj", "{88B1B2AF-747D-47C2-9C67-48DEDB827837}"
EndProject
Global
	GlobalSection(SolutionConfigurationPlatforms) = preSolution
		Debug|Win32 = Debug|Win32
		Debug|x64 = Debug|x64
		Release|Win32 = Release|Win32
		Release|x64 = Release|x64
	EndGlobalSection
	GlobalSection(ProjectConfigurationPlatforms) = postSolution
		{8D6EF4A8-C51C-4E23-ACA6-94BB181AD0FF}.Debug|Win32.ActiveCfg = Debug|Win32
		{8D6EF4A8-C51C-4E23-ACA6-94BB181AD0FF}.Debug|Win32.Build.0 = Debug|Win32
		{8D6EF4A8-C51C-4E23-ACA6-94BB181AD0FF}.Debug|x64.ActiveCfg = Debug|Win32
		{8D6EF4A8-C51C-4E23-ACA6-94BB181AD0FF}.Release|Win32.ActiveCfg = Release|Win32
		{8D6EF4A8-C51C-4E23-ACA6-94BB181AD0FF}.Release|Win32.Build.0 = Release|Win32
		{8D6EF4A8-C51C-4E23-ACA6-94BB181AD0FF}.Release|x64.ActiveCfg = Release|Win32
		{16461A0E-F94A-43CE-AB83-66BF54EA57E8}.Debug|Win32.ActiveCfg = Debug|Win32
		{16461A0E-F94A-43CE-AB83-66BF54EA57E8}.Debug|Win32.Build.0 = Debug|Win32
		{16461A0E-F94A-43CE-AB83-66BF54EA57E8}.Debug|x64.ActiveCfg = Debug|Win32
		{16461A0E-F94A-43CE-AB83-66BF54EA57E8}.Release|Win32.ActiveCfg = Release|Win32
		{16461A0E-F94A-43CE-AB83-66BF54EA57E8}.Release|Win32.Build.0 = Release|Win32
		{16461A0E-F94A-43CE-AB83-66BF54EA57E8}.Release|x64.ActiveCfg = Release|Win32
		{B199BC49-39F1-4EF5-B781-B5172BD00150}.Debug|Win32.ActiveCfg = Debug|Win32
		{B199BC49-39F1-4EF5-B781-B5172BD00150}.Debug|Win32.Build.0 = Debug|Win32
		{B199BC49-39F1-4EF5-B781-B5172BD00150}.Debug|x64.ActiveCfg = Debug|Win32
		{B199BC49-39F1-4EF5-B781-B5172BD00150}.Release|Win32.ActiveCfg = Release|Win32
		{B199BC49-39F1-4EF5-B781-B5172BD00150}.Release|Win32.Build.0 = Release|Win32
		{B199BC49-39F1-4EF5-B781-B5172BD00150}.Release|x64.ActiveCfg = Release|Win32
		{8D6C92B9-F675-4768-BF5E-4FBD6F167CC4}.Debug|Win32.ActiveCfg = Debug|Win32
		{8D6C92B9-F675-4768-BF5E-4FBD6F167CC4}.Debug|Win32.Build.0 = Debug|Win32
		{8D6C92B9-F675-4768-BF5E-4FBD6F167CC4}.Debug|x64.ActiveCfg = Debug|Win32
		{8D6C92B9-F675-4768-BF5E-4FBD6F167CC4}.Release|Win32.ActiveCfg = Release|Win32
		{8D6C92B9-F675-4768-BF5E-4FBD6F167CC4}.Release|Win32.Build.0 = Release|Win32
		{8D6C92B9-F675-4768-BF5E-4FBD6F167CC4}.Release|x64.ActiveCfg = Release|Win32
		{6BE4E46E-6FD2-4F91-B3E5-EB30FB5F51CA}.Debug|Win32.ActiveCfg = Debug|Win32
		{6BE4E46E-6FD2-4F91-B3E5-EB30FB5F51CA}.Debug|Win32.Build.0 = Debug|Win32
		{6BE4E46E-6FD2-4F91-B3E5-EB30FB5F51CA}.Debug|x64.ActiveCfg = Debug|Win32
		{6BE4E46E-6FD2-4F91-B3E5-EB30FB5F51CA}.Release|Win32.ActiveCfg = Release|Win32
		{6BE4E46E-6FD2-4F91-B3E5-EB30FB5F51CA}.Release|Win32.Build.0 = Release|Win32
		{6BE4E46E-6FD2-4F91-B3E5-EB30FB5F51CA}.Release|x64.ActiveCfg = Release|Win32
		{7A1F694D-0CED-4A5C-84D5-DD9399B2E41F}.Debug|Win32.ActiveCfg = Debug|Win32
		{7A1F694D-0CED-4A5C-84D5-DD9399B2E41F}.Debug|Win32.Build.0 = Debug|Win32
		{7A1F694D-0CED-4A5C-84D5-DD9399B2E41F}.Debug|x64.ActiveCfg = Debug|Win32
		{7A1F694D-0CED-4A5C-84D5-DD9399B2E41F}.Release|Win32.ActiveCfg = Release|Win32
		{7A1F694D-0CED-4A5C-84D5-DD9399B2E41F}.Release|Win32.Build.0 = Release|Win32
		{7A1F694D-0CED-4A5C-84D5-DD9399B2E41F}.Release|x64.ActiveCfg = Release|Win32
		{7EE0C92D-2E0E-4505-8800-F5155DFDE7B2}.Debug|Win32.ActiveCfg = Debug|Win32
		{7EE0C92D-2E0E-4505-8800-F5155DFDE7B2}.Debug|Win32.Build.0 = Debug|Win32
		{7EE0C92D-2E0E-4505-8800-F5155DFDE7B2}.Debug|x64.ActiveCfg = Debug|Win32
		{7EE0C92D-2E0E-4505-8800-F5155DFDE7B2}.Release|Win32.ActiveCfg = Release|Win32
		{7EE0C92D-2E0E-4505-8800-F5155DFDE7B2}.Release|Win32.Build.0 = Release|Win32
		{7EE0C92D-2E0E-4505-8800-F5155DFDE7B2}.Release|x64.ActiveCfg = Release|Win32
		{504C7EAB-31F6-41EB-A5D9-6B650AC49AF0}.Debug|Win32.ActiveCfg = Debug|Win32
		{504C7EAB-31F6-41EB-A5D9-6B650AC49AF0}.Debug|Win32.Build.0 = Debug|Win32
		{504C7EAB-31F6-41EB-A5D9-6B650AC49AF0}.Debug|x64.ActiveCfg = Debug|Win32
		{504C7EAB-31F6-41EB-A5D9-6B650AC49AF0}.Release|Win32.ActiveCfg = Release|Win32
		{504C7EAB-31F6-41EB-A5D9-6B650AC49AF0}.Release|Win32.Build.0 = Release|Win32
		{504C7EAB-31F6-41EB-A5D9-6B650AC49AF0}.Release|x64.ActiveCfg = Release|Win32
		{58B1E541-D088-4C31-80A6-8989712DFAC5}.Debug|Win32.ActiveCfg = Debug|Win32
		{58B1E541-D088-4C31-80A6-8989712DFAC5}.Debug|Win32.Build.0 = Debug|Win32
		{58B1E541-D088-4C31-80A6-8989712DFAC5}.Debug|x64.ActiveCfg = Debug|Win32
		{58B1E541-D088-4C31-80A6-8989712DFAC5}.Release|Win32.ActiveCfg = Release|Win32
		{58B1E541-D088-4C31-80A6-8989712DFAC5}.Release|Win32.Build.0 = Release|Win32
		{58B1E541-D088-4C31-80A6-8989712DFAC5}.Release|x64.ActiveCfg = Release|Win32
		{B683FED3-7314-4D46-A719-0C78389445F5}.Debug|Win32.ActiveCfg = Debug|Win32
		{B683FED3-7314-4D46-A719-0C78389445F5}.Debug|Win32.Build.0 = Debug|Win32
		{B683FED3-7314-4D46-A719-0C78389445F5}.Debug|x64.ActiveCfg = Debug|Win32
		{B683FED3-7314-4D46-A719-0C78389445F5}.Release|Win32.ActiveCfg = Release|Win32
		{B683FED3-7314-4D46-A719-0C78389445F5}.Release|Win32.Build.0 = Release|Win32
		{B683FED3-7314-4D46-A719-0C78389445F5}.Release|x64.ActiveCfg = Release|Win32
		{B3AB51A0-8096-47FF-9354-2EFF69456B91}.Debug|Win32.ActiveCfg = Debug|Win32
		{B3AB51A0-8096-47FF-9354-2EFF69456B91}.Debug|Win32.Build.0 = Debug|Win32
		{B3AB51A0-8096-47FF-9354-2EFF69456B91}.Debug|x64.ActiveCfg = Debug|Win32
		{B3AB51A0-8096-47FF-9354-2EFF69456B91}.Release|Win32.ActiveCfg = Release|Win32
		{B3AB51A0-8096-47FF-9354-2EFF69456B91}.Release|Win32.Build.0 = Release|Win32
		{B3AB51A0-8096-47FF-9354-2EFF69456B91}.Release|x64.ActiveCfg = Release|Win32
		{D905062C-47A4-494A-B308-B6E7A939DBEC}.Debug|Win32.ActiveCfg = Debug|Win32
		{D905062C-47A4-494A-B308-B6E7A939DBEC}.Debug|Win32.Build.0 = Debug|Win32
		{D905062C-47A4-494A-B308-B6E7A939DBEC}.Debug|x64.ActiveCfg = Debug|Win32
		{D905062C-47A4-494A-B308-B6E7A939DBEC}.Release|Win32.ActiveCfg = Release|Win32
		{D905062C-47A4-494A-B308-B6E7A939DBEC}.Release|Win32.Build.0 = Release|Win32
		{D905062C-47A4-494A-B308-B6E7A939DBEC}.Release|x64.ActiveCfg = Release|Win32
		{35C8E9CD-B0B0-428E-A64A-D1BE3F049A92}.Debug|Win32.ActiveCfg = Debug|Win32
		{35C8E9CD-B0B0-428E-A64A-D1BE3F049A92}.Debug|Win32.Build.0 = Debug|Win32
		{35C8E9CD-B0B0-428E-A64A-D1BE3F049A92}.Debug|x64.ActiveCfg = Debug|Win32
		{35C8E9CD-B0B0-428E-A64A-D1BE3F049A92}.Release|Win32.ActiveCfg = Release|Win32
		{35C8E9CD-B0B0-428E-A64A-D1BE3F049A92}.Release|Win32.Build.0 = Release|Win32
		{35C8E9CD-B0B0-428E-A64A-D1BE3F049A92}.Release|x64.ActiveCfg = Release|Win32
		{0DF8DCD6-0315-40B4-8FD6-904222BC4358}.Debug|Win32.ActiveCfg = Debug|Win32
		{0DF8DCD6-0315-40B4-8FD6-904222BC4358}.Debug|Win32.Build.0 = Debug|Win32
		{0DF8DCD6-0315-40B4-8FD6-904222BC4358}.Debug|x64.ActiveCfg = Debug|Win32
		{0DF8DCD6-0315-40B4-8FD6-904222BC4358}.Release|Win32.ActiveCfg = Release|Win32
		{0DF8DCD6-0315-40B4-8FD6-904222BC4358}.Release|Win32.Build.0 = Release|Win32
		{0DF8DCD6-0315-40B4-8FD6-904222BC4358}.Release|x64.ActiveCfg = Release|Win32
		{586C1C73-17B5-47CA-A4AA-8573FCBB13ED}.Debug|Win32.ActiveCfg = Debug|Win32
		{586C1C73-17B5-47CA-A4AA-8573FCBB13ED}.Debug|Win32.Build.0 = Debug|Win32
		{586C1C73-17B5-47CA-A4AA-8573FCBB13ED}.Debug|x64.ActiveCfg = Debug|Win32
		{586C1C73-17B5-47CA-A4AA-8573FCBB13ED}.Release|Win32.ActiveCfg = Release|Win32
		{586C1C73-17B5-47CA-A4AA-8573FCBB13ED}.Release|Win32.Build.0 = Release|Win32
		{586C1C73-17B5-47CA-A4AA-8573FCBB13ED}.Release|x64.ActiveCfg = Release|Win32
		{3C512387-3D5D-4DF7-AC04-5FA81B697A05}.Debug|Win32.ActiveCfg = Debug|Win32
		{3C512387-3D5D-4DF7-AC04-5FA81B697A05}.Debug|Win32.Build.0 = Debug|Win32
		{3C512387-3D5D-4DF7-AC04-5FA81B697A05}.Debug|x64.ActiveCfg = Debug|x64
		{3C512387-3D5D-4DF7-AC04-5FA81B697A05}.Debug|x64.Build.0 = Debug|x64
		{3C512387-3D5D-4DF7-AC04-5FA81B697A05}.Release|Win32.ActiveCfg = Release|Win32
		{3C512387-3D5D-4DF7-AC04-5FA81B697A05}.Release|Win32.Build.0 = Release|Win32
		{3C512387-3D5D-4DF7-AC04-5FA81B697A05}.Release|x64.ActiveCfg = Release|x64
		{3C512387-3D5D-4DF7-AC04-5FA81B697A05}.Release|x64.Build.0 = Release|x64
		{331EA0BF-5C9B-4779-82F5-7F91D97A7A54}.Debug|Win32.ActiveCfg = Debug|Win32
		{331EA0BF-5C9B-4779-82F5-7F91D97A7A54}.Debug|Win32.Build.0 = Debug|Win32
		{331EA0BF-5C9B-4779-82F5-7F91D97A7A54}.Debug|x64.ActiveCfg = Debug|Win32
		{331EA0BF-5C9B-4779-82F5-7F91D97A7A54}.Release|Win32.ActiveCfg = Release|Win32
		{331EA0BF-5C9B-4779-82F5-7F91D97A7A54}.Release|Win32.Build.0 = Release|Win32
		{331EA0BF-5C9B-4779-82F5-7F91D97A7A54}.Release|x64.ActiveCfg = Release|Win32
		{88B1B2AF-747D-47C2-9C67-48DEDB827837}.Debug|Win32.ActiveCfg = Debug|Win32
		{88B1B2AF-747D-47C2-9C67-48DEDB827837}.Debug|Win32.Build.0 = Debug|Win32
		{88B1B2AF-747D-47C2-9C67-48DEDB827837}.Debug|x64.ActiveCfg = Debug|Win32
		{88B1B2AF-747D-47C2-9C67-48DEDB827837}.Release|Win32.ActiveCfg = Release|Win32
		{88B1B2AF-747D-47C2-9C67-48DEDB827837}.Release|Win32.Build.0 = Release|Win32
		{88B1B2AF-747D-47C2-9C67-48DEDB827837}.Release|x64.ActiveCfg = Release|Win32
	EndGlobalSection
	GlobalSection(SolutionProperties) = preSolution
		HideSolutionNode = FALSE
	EndGlobalSection
	GlobalSection(NestedProjects) = preSolution
		{F74A9119-232F-4F0D-A95C-27C107865A5B} = {0DB3C9CE-657F-4082-A2AF-A7EBADB04CD6}
		{225D6BDF-AB47-46B4-97A8-D8ED1D9BC6C9} = {0DB3C9CE-657F-4082-A2AF-A7EBADB04CD6}
		{16461A0E-F94A-43CE-AB83-66BF54EA57E8} = {F74A9119-232F-4F0D-A95C-27C107865A5B}
		{B199BC49-39F1-4EF5-B781-B5172BD00150} = {F74A9119-232F-4F0D-A95C-27C107865A5B}
		{8D6C92B9-F675-4768-BF5E-4FBD6F167CC4} = {F74A9119-232F-4F0D-A95C-27C107865A5B}
		{504C7EAB-31F6-41EB-A5D9-6B650AC49AF0} = {F74A9119-232F-4F0D-A95C-27C107865A5B}
		{DFD200E2-A114-4345-BB84-3709748A719F} = {F74A9119-232F-4F0D-A95C-27C107865A5B}
		{A4082C53-05F8-4A6B-845E-4A0C16DEF754} = {F74A9119-232F-4F0D-A95C-27C107865A5B}
		{8D6EF4A8-C51C-4E23-ACA6-94BB181AD0FF} = {225D6BDF-AB47-46B4-97A8-D8ED1D9BC6C9}
		{6BE4E46E-6FD2-4F91-B3E5-EB30FB5F51CA} = {225D6BDF-AB47-46B4-97A8-D8ED1D9BC6C9}
		{7A1F694D-0CED-4A5C-84D5-DD9399B2E41F} = {225D6BDF-AB47-46B4-97A8-D8ED1D9BC6C9}
		{7EE0C92D-2E0E-4505-8800-F5155DFDE7B2} = {225D6BDF-AB47-46B4-97A8-D8ED1D9BC6C9}
		{58B1E541-D088-4C31-80A6-8989712DFAC5} = {225D6BDF-AB47-46B4-97A8-D8ED1D9BC6C9}
		{0DF8DCD6-0315-40B4-8FD6-904222BC4358} = {225D6BDF-AB47-46B4-97A8-D8ED1D9BC6C9}
		{586C1C73-17B5-47CA-A4AA-8573FCBB13ED} = {225D6BDF-AB47-46B4-97A8-D8ED1D9BC6C9}
		{B683FED3-7314-4D46-A719-0C78389445F5} = {DFD200E2-A114-4345-BB84-3709748A719F}
		{B3AB51A0-8096-47FF-9354-2EFF69456B91} = {DFD200E2-A114-4345-BB84-3709748A719F}
		{D905062C-47A4-494A-B308-B6E7A939DBEC} = {DFD200E2-A114-4345-BB84-3709748A719F}
		{35C8E9CD-B0B0-428E-A64A-D1BE3F049A92} = {DFD200E2-A114-4345-BB84-3709748A719F}
		{3C512387-3D5D-4DF7-AC04-5FA81B697A05} = {DFD200E2-A114-4345-BB84-3709748A719F}
		{331EA0BF-5C9B-4779-82F5-7F91D97A7A54} = {DFD200E2-A114-4345-BB84-3709748A719F}
		{88B1B2AF-747D-47C2-9C67-48DEDB827837} = {A4082C53-05F8-4A6B-845E-4A0C16DEF754}
	EndGlobalSection
EndGlobal
