<?xml version="1.0" encoding="utf-8"?>
<Project ToolsVersion="4.0" xmlns="http://schemas.microsoft.com/developer/msbuild/2003">
  <ItemGroup>
    <Filter Include="源文件">
      <UniqueIdentifier>{4FC737F1-C7A5-4376-A066-2A32D752A2FF}</UniqueIdentifier>
      <Extensions>cpp;c;cc;cxx;def;odl;idl;hpj;bat;asm;asmx</Extensions>
    </Filter>
    <Filter Include="头文件">
      <UniqueIdentifier>{93995380-89BD-4b04-88EB-625FBE52EBFB}</UniqueIdentifier>
      <Extensions>h;hpp;hxx;hm;inl;inc;xsd</Extensions>
    </Filter>
    <Filter Include="资源文件">
      <UniqueIdentifier>{67DA6AB6-F800-4c08-8B7A-83BB121AAD01}</UniqueIdentifier>
      <Extensions>rc;ico;cur;bmp;dlg;rc2;rct;bin;rgs;gif;jpg;jpeg;jpe;resx;tiff;tif;png;wav;mfcribbon-ms</Extensions>
    </Filter>
  </ItemGroup>
  <ItemGroup>
    <None Include="ReadMe.txt" />
  </ItemGroup>
  <ItemGroup>
    <ClInclude Include="AVCodecCommon.h">
      <Filter>头文件</Filter>
    </ClInclude>
    <ClInclude Include="ChannelManager.h">
      <Filter>头文件</Filter>
    </ClInclude>
    <ClInclude Include="Commonwin32.h">
      <Filter>头文件</Filter>
    </ClInclude>
    <ClInclude Include="Config.h">
      <Filter>头文件</Filter>
    </ClInclude>
    <ClInclude Include="CudaEncoder.h">
      <Filter>头文件</Filter>
    </ClInclude>
    <ClInclude Include="CudaFilter.h">
      <Filter>头文件</Filter>
    </ClInclude>
    <ClInclude Include="CudaPipeline.h">
      <Filter>头文件</Filter>
    </ClInclude>
    <ClInclude Include="Encoder.h">
      <Filter>头文件</Filter>
    </ClInclude>
    <ClInclude Include="EncoderManager.h">
      <Filter>头文件</Filter>
    </ClInclude>
    <ClInclude Include="EventNetwork.h">
      <Filter>头文件</Filter>
    </ClInclude>
    <ClInclude Include="FilterRGB2YUV.h">
      <Filter>头文件</Filter>
    </ClInclude>
    <ClInclude Include="Generator.h">
      <Filter>头文件</Filter>
    </ClInclude>
    <ClInclude Include="HookCommon.h">
      <Filter>头文件</Filter>
    </ClInclude>
    <ClInclude Include="HookFunction.h">
      <Filter>头文件</Filter>
    </ClInclude>
    <ClInclude Include="Pipeline.h">
      <Filter>头文件</Filter>
    </ClInclude>
    <ClInclude Include="PipelineBase.h">
      <Filter>头文件</Filter>
    </ClInclude>
    <ClInclude Include="RenderLog.h">
      <Filter>头文件</Filter>
    </ClInclude>
    <ClInclude Include="RenderPool.h">
      <Filter>头文件</Filter>
    </ClInclude>
    <ClInclude Include="RtspConf.h">
      <Filter>头文件</Filter>
    </ClInclude>
    <ClInclude Include="RtspContext.h">
      <Filter>头文件</Filter>
    </ClInclude>
    <ClInclude Include="VConventer.h">
      <Filter>头文件</Filter>
    </ClInclude>
    <ClInclude Include="VideoCommon.h">
      <Filter>头文件</Filter>
    </ClInclude>
    <ClInclude Include="VideoGenerator.h">
      <Filter>头文件</Filter>
    </ClInclude>
    <ClInclude Include="VideoPart.h">
      <Filter>头文件</Filter>
    </ClInclude>
    <ClInclude Include="VSource.h">
      <Filter>头文件</Filter>
    </ClInclude>
    <ClInclude Include="VSourceCommon.h">
      <Filter>头文件</Filter>
    </ClInclude>
    <ClInclude Include="Wrapper.h">
      <Filter>头文件</Filter>
    </ClInclude>
    <ClInclude Include="X264Encoder.h">
      <Filter>头文件</Filter>
    </ClInclude>
    <ClInclude Include="Defines.h">
      <Filter>头文件</Filter>
    </ClInclude>
    <ClInclude Include="NVENCEncoder.h">
      <Filter>头文件</Filter>
    </ClInclude>
    <ClInclude Include="NVEncodeAPI.h">
      <Filter>头文件</Filter>
    </ClInclude>
  </ItemGroup>
  <ItemGroup>
    <ClCompile Include="AVCodecCommon.cpp">
      <Filter>源文件</Filter>
    </ClCompile>
    <ClCompile Include="ChannelManager.cpp">
      <Filter>源文件</Filter>
    </ClCompile>
    <ClCompile Include="Commonwin32.cpp">
      <Filter>源文件</Filter>
    </ClCompile>
    <ClCompile Include="Config.cpp">
      <Filter>源文件</Filter>
    </ClCompile>
    <ClCompile Include="CThread.cpp">
      <Filter>源文件</Filter>
    </ClCompile>
    <ClCompile Include="CudaEncoder.cpp">
      <Filter>源文件</Filter>
    </ClCompile>
    <ClCompile Include="CudaFilter.cpp">
      <Filter>源文件</Filter>
    </ClCompile>
    <ClCompile Include="CudaPipeline.cpp">
      <Filter>源文件</Filter>
    </ClCompile>
    <ClCompile Include="Encoder.cpp">
      <Filter>源文件</Filter>
    </ClCompile>
    <ClCompile Include="EncoderManager.cpp">
      <Filter>源文件</Filter>
    </ClCompile>
    <ClCompile Include="EventNetwork.cpp">
      <Filter>源文件</Filter>
    </ClCompile>
    <ClCompile Include="FilterRGB2YUV.cpp">
      <Filter>源文件</Filter>
    </ClCompile>
    <ClCompile Include="Generator.cpp">
      <Filter>源文件</Filter>
    </ClCompile>
    <ClCompile Include="HookFunction.cpp">
      <Filter>源文件</Filter>
    </ClCompile>
    <ClCompile Include="Pipeline.cpp">
      <Filter>源文件</Filter>
    </ClCompile>
    <ClCompile Include="PipelineBase.cpp">
      <Filter>源文件</Filter>
    </ClCompile>
    <ClCompile Include="RenderPool.cpp">
      <Filter>源文件</Filter>
    </ClCompile>
    <ClCompile Include="RtspConf.cpp">
      <Filter>源文件</Filter>
    </ClCompile>
    <ClCompile Include="RtspContext.cpp">
      <Filter>源文件</Filter>
    </ClCompile>
    <ClCompile Include="VConventer.cpp">
      <Filter>源文件</Filter>
    </ClCompile>
    <ClCompile Include="videocommon.cpp">
      <Filter>源文件</Filter>
    </ClCompile>
    <ClCompile Include="VideoGenerator.cpp">
      <Filter>源文件</Filter>
    </ClCompile>
    <ClCompile Include="VideoPart.cpp">
      <Filter>源文件</Filter>
    </ClCompile>
    <ClCompile Include="VSource.cpp">
      <Filter>源文件</Filter>
    </ClCompile>
    <ClCompile Include="Wrapper.cpp">
      <Filter>源文件</Filter>
    </ClCompile>
    <ClCompile Include="X264Encoder.cpp">
      <Filter>源文件</Filter>
    </ClCompile>
  </ItemGroup>
</Project>